
Microsoft Visual Studio Solution File, Format Version 12.00
# Visual Studio 15
VisualStudioVersion = 15.0.28307.1525
MinimumVisualStudioVersion = 10.0.40219.1
Project("{FAE04EC0-301F-11D3-BF4B-00C04F79EFBC}") = "ClassWork", "ClassWork\ClassWork.csproj", "{715857B6-BE91-498A-8B04-025062E88456}"
EndProject
Global
	GlobalSection(SolutionConfigurationPlatforms) = preSolution
		Debug|Any CPU = Debug|Any CPU
		Release|Any CPU = Release|Any CPU
	EndGlobalSection
	GlobalSection(ProjectConfigurationPlatforms) = postSolution
		{715857B6-BE91-498A-8B04-025062E88456}.Debug|Any CPU.ActiveCfg = Debug|Any CPU
		{715857B6-BE91-498A-8B04-025062E88456}.Debug|Any CPU.Build.0 = Debug|Any CPU
		{715857B6-BE91-498A-8B04-025062E88456}.Release|Any CPU.ActiveCfg = Release|Any CPU
		{715857B6-BE91-498A-8B04-025062E88456}.Release|Any CPU.Build.0 = Release|Any CPU
	EndGlobalSection
	GlobalSection(SolutionProperties) = preSolution
		HideSolutionNode = FALSE
	EndGlobalSection
	GlobalSection(ExtensibilityGlobals) = postSolution
		SolutionGuid = {89B73F73-96B5-41A8-AA15-FA9FC1CEC9EC}
	EndGlobalSection
EndGlobal
